
Microsoft Visual Studio Solution File, Format Version 12.00
# Visual Studio Version 16
VisualStudioVersion = 16.0.28803.202
MinimumVisualStudioVersion = 10.0.40219.1
Project("{FAE04EC0-301F-11D3-BF4B-00C04F79EFBC}") = "lab1", "lab1\lab1.csproj", "{AB0E6BB6-351C-4AA9-97D5-AD962A79C393}"
EndProject
Global
	GlobalSection(SolutionConfigurationPlatforms) = preSolution
		Debug|Any CPU = Debug|Any CPU
		Release|Any CPU = Release|Any CPU
	EndGlobalSection
	GlobalSection(ProjectConfigurationPlatforms) = postSolution
		{AB0E6BB6-351C-4AA9-97D5-AD962A79C393}.Debug|Any CPU.ActiveCfg = Debug|Any CPU
		{AB0E6BB6-351C-4AA9-97D5-AD962A79C393}.Debug|Any CPU.Build.0 = Debug|Any CPU
		{AB0E6BB6-351C-4AA9-97D5-AD962A79C393}.Release|Any CPU.ActiveCfg = Release|Any CPU
		{AB0E6BB6-351C-4AA9-97D5-AD962A79C393}.Release|Any CPU.Build.0 = Release|Any CPU
	EndGlobalSection
	GlobalSection(SolutionProperties) = preSolution
		HideSolutionNode = FALSE
	EndGlobalSection
	GlobalSection(ExtensibilityGlobals) = postSolution
		SolutionGuid = {8C879F4C-7BF3-4ECE-B9A2-AEFAD9793574}
	EndGlobalSection
EndGlobal
